
Microsoft Visual Studio Solution File, Format Version 12.00
# Visual Studio Version 16
VisualStudioVersion = 16.0.31624.102
MinimumVisualStudioVersion = 10.0.40219.1
Project("{FAE04EC0-301F-11D3-BF4B-00C04F79EFBC}") = "LB2_1", "LB2_1.csproj", "{A7E80382-EC80-483F-8E8F-1B88239B4B7A}"
EndProject
Global
	GlobalSection(SolutionConfigurationPlatforms) = preSolution
		Debug|Any CPU = Debug|Any CPU
		Release|Any CPU = Release|Any CPU
	EndGlobalSection
	GlobalSection(ProjectConfigurationPlatforms) = postSolution
		{A7E80382-EC80-483F-8E8F-1B88239B4B7A}.Debug|Any CPU.ActiveCfg = Debug|Any CPU
		{A7E80382-EC80-483F-8E8F-1B88239B4B7A}.Debug|Any CPU.Build.0 = Debug|Any CPU
		{A7E80382-EC80-483F-8E8F-1B88239B4B7A}.Release|Any CPU.ActiveCfg = Release|Any CPU
		{A7E80382-EC80-483F-8E8F-1B88239B4B7A}.Release|Any CPU.Build.0 = Release|Any CPU
	EndGlobalSection
	GlobalSection(SolutionProperties) = preSolution
		HideSolutionNode = FALSE
	EndGlobalSection
	GlobalSection(ExtensibilityGlobals) = postSolution
		SolutionGuid = {FF7EFB50-2CD3-4F96-875F-DB1E558ED5CD}
	EndGlobalSection
EndGlobal
