
Microsoft Visual Studio Solution File, Format Version 12.00
# Visual Studio Version 16
VisualStudioVersion = 16.0.31624.102
MinimumVisualStudioVersion = 10.0.40219.1
Project("{FAE04EC0-301F-11D3-BF4B-00C04F79EFBC}") = "LB1_CLIENT", "LB1_CLIENT.csproj", "{7F2F6488-A2DC-4F98-9ADA-EF52DAD30683}"
EndProject
Global
	GlobalSection(SolutionConfigurationPlatforms) = preSolution
		Debug|Any CPU = Debug|Any CPU
		Release|Any CPU = Release|Any CPU
	EndGlobalSection
	GlobalSection(ProjectConfigurationPlatforms) = postSolution
		{7F2F6488-A2DC-4F98-9ADA-EF52DAD30683}.Debug|Any CPU.ActiveCfg = Debug|Any CPU
		{7F2F6488-A2DC-4F98-9ADA-EF52DAD30683}.Debug|Any CPU.Build.0 = Debug|Any CPU
		{7F2F6488-A2DC-4F98-9ADA-EF52DAD30683}.Release|Any CPU.ActiveCfg = Release|Any CPU
		{7F2F6488-A2DC-4F98-9ADA-EF52DAD30683}.Release|Any CPU.Build.0 = Release|Any CPU
	EndGlobalSection
	GlobalSection(SolutionProperties) = preSolution
		HideSolutionNode = FALSE
	EndGlobalSection
	GlobalSection(ExtensibilityGlobals) = postSolution
		SolutionGuid = {BF99DE9B-4E36-4271-83EB-AC9F157B5ED0}
	EndGlobalSection
EndGlobal
