
Microsoft Visual Studio Solution File, Format Version 12.00
# Visual Studio Version 16
VisualStudioVersion = 16.0.31624.102
MinimumVisualStudioVersion = 10.0.40219.1
Project("{FAE04EC0-301F-11D3-BF4B-00C04F79EFBC}") = "LB5", "LB5.csproj", "{9A6884E9-C175-4EED-8AEC-CB3C057F53B2}"
EndProject
Project("{FAE04EC0-301F-11D3-BF4B-00C04F79EFBC}") = "HttpEndpoint", "HttpEndpoint\HttpEndpoint.csproj", "{8077812F-E8B4-462C-97B4-F8CEFCC07406}"
EndProject
Project("{FAE04EC0-301F-11D3-BF4B-00C04F79EFBC}") = "TcpEndpoint", "TcpEndpoint\TcpEndpoint.csproj", "{D779DE5F-8571-45DD-AE7E-C6C24BE1E6C9}"
EndProject
Project("{FAE04EC0-301F-11D3-BF4B-00C04F79EFBC}") = "ConsoleHost", "ConsoleHost\ConsoleHost.csproj", "{F1BAC49B-F345-492D-995C-DEDBB593AD8D}"
EndProject
Global
	GlobalSection(SolutionConfigurationPlatforms) = preSolution
		Debug|Any CPU = Debug|Any CPU
		Release|Any CPU = Release|Any CPU
	EndGlobalSection
	GlobalSection(ProjectConfigurationPlatforms) = postSolution
		{9A6884E9-C175-4EED-8AEC-CB3C057F53B2}.Debug|Any CPU.ActiveCfg = Debug|Any CPU
		{9A6884E9-C175-4EED-8AEC-CB3C057F53B2}.Debug|Any CPU.Build.0 = Debug|Any CPU
		{9A6884E9-C175-4EED-8AEC-CB3C057F53B2}.Release|Any CPU.ActiveCfg = Release|Any CPU
		{9A6884E9-C175-4EED-8AEC-CB3C057F53B2}.Release|Any CPU.Build.0 = Release|Any CPU
		{8077812F-E8B4-462C-97B4-F8CEFCC07406}.Debug|Any CPU.ActiveCfg = Debug|Any CPU
		{8077812F-E8B4-462C-97B4-F8CEFCC07406}.Debug|Any CPU.Build.0 = Debug|Any CPU
		{8077812F-E8B4-462C-97B4-F8CEFCC07406}.Release|Any CPU.ActiveCfg = Release|Any CPU
		{8077812F-E8B4-462C-97B4-F8CEFCC07406}.Release|Any CPU.Build.0 = Release|Any CPU
		{D779DE5F-8571-45DD-AE7E-C6C24BE1E6C9}.Debug|Any CPU.ActiveCfg = Debug|Any CPU
		{D779DE5F-8571-45DD-AE7E-C6C24BE1E6C9}.Debug|Any CPU.Build.0 = Debug|Any CPU
		{D779DE5F-8571-45DD-AE7E-C6C24BE1E6C9}.Release|Any CPU.ActiveCfg = Release|Any CPU
		{D779DE5F-8571-45DD-AE7E-C6C24BE1E6C9}.Release|Any CPU.Build.0 = Release|Any CPU
		{F1BAC49B-F345-492D-995C-DEDBB593AD8D}.Debug|Any CPU.ActiveCfg = Debug|Any CPU
		{F1BAC49B-F345-492D-995C-DEDBB593AD8D}.Debug|Any CPU.Build.0 = Debug|Any CPU
		{F1BAC49B-F345-492D-995C-DEDBB593AD8D}.Release|Any CPU.ActiveCfg = Release|Any CPU
		{F1BAC49B-F345-492D-995C-DEDBB593AD8D}.Release|Any CPU.Build.0 = Release|Any CPU
	EndGlobalSection
	GlobalSection(SolutionProperties) = preSolution
		HideSolutionNode = FALSE
	EndGlobalSection
	GlobalSection(ExtensibilityGlobals) = postSolution
		SolutionGuid = {59670530-5449-4311-AB20-3626EEF85A78}
	EndGlobalSection
EndGlobal
