
Microsoft Visual Studio Solution File, Format Version 12.00
# Visual Studio Version 16
VisualStudioVersion = 16.0.31624.102
MinimumVisualStudioVersion = 10.0.40219.1
Project("{FAE04EC0-301F-11D3-BF4B-00C04F79EFBC}") = "LB4", "LB4\LB4.csproj", "{CC910E82-DB32-4AB7-9F8E-14B76AD407D9}"
EndProject
Project("{FAE04EC0-301F-11D3-BF4B-00C04F79EFBC}") = "LB4_ASP_CLIENT", "LB4_ASP_CLIENT\LB4_ASP_CLIENT.csproj", "{94F79F66-47E6-4599-8F2E-DC3D4E6A4618}"
EndProject
Project("{FAE04EC0-301F-11D3-BF4B-00C04F79EFBC}") = "WINFORM_SUM", "..\LB4_CLIENTS\WINFORM_SUM\WINFORM_SUM\WINFORM_SUM.csproj", "{4FB9A0A0-C10B-43DB-ADA8-0C2DFF1CAFDB}"
EndProject
Project("{FAE04EC0-301F-11D3-BF4B-00C04F79EFBC}") = "WINFORM_WSDL", "..\LB4_CLIENTS\WINFORM_WSDL\WINFORM_WSDL\WINFORM_WSDL.csproj", "{8655B1A2-9BA9-4EDF-986F-B7BACFCC8549}"
EndProject
Global
	GlobalSection(SolutionConfigurationPlatforms) = preSolution
		Debug|Any CPU = Debug|Any CPU
		Release|Any CPU = Release|Any CPU
	EndGlobalSection
	GlobalSection(ProjectConfigurationPlatforms) = postSolution
		{CC910E82-DB32-4AB7-9F8E-14B76AD407D9}.Debug|Any CPU.ActiveCfg = Debug|Any CPU
		{CC910E82-DB32-4AB7-9F8E-14B76AD407D9}.Debug|Any CPU.Build.0 = Debug|Any CPU
		{CC910E82-DB32-4AB7-9F8E-14B76AD407D9}.Release|Any CPU.ActiveCfg = Release|Any CPU
		{CC910E82-DB32-4AB7-9F8E-14B76AD407D9}.Release|Any CPU.Build.0 = Release|Any CPU
		{94F79F66-47E6-4599-8F2E-DC3D4E6A4618}.Debug|Any CPU.ActiveCfg = Debug|Any CPU
		{94F79F66-47E6-4599-8F2E-DC3D4E6A4618}.Debug|Any CPU.Build.0 = Debug|Any CPU
		{94F79F66-47E6-4599-8F2E-DC3D4E6A4618}.Release|Any CPU.ActiveCfg = Release|Any CPU
		{94F79F66-47E6-4599-8F2E-DC3D4E6A4618}.Release|Any CPU.Build.0 = Release|Any CPU
		{4FB9A0A0-C10B-43DB-ADA8-0C2DFF1CAFDB}.Debug|Any CPU.ActiveCfg = Debug|Any CPU
		{4FB9A0A0-C10B-43DB-ADA8-0C2DFF1CAFDB}.Debug|Any CPU.Build.0 = Debug|Any CPU
		{4FB9A0A0-C10B-43DB-ADA8-0C2DFF1CAFDB}.Release|Any CPU.ActiveCfg = Release|Any CPU
		{4FB9A0A0-C10B-43DB-ADA8-0C2DFF1CAFDB}.Release|Any CPU.Build.0 = Release|Any CPU
		{8655B1A2-9BA9-4EDF-986F-B7BACFCC8549}.Debug|Any CPU.ActiveCfg = Debug|Any CPU
		{8655B1A2-9BA9-4EDF-986F-B7BACFCC8549}.Debug|Any CPU.Build.0 = Debug|Any CPU
		{8655B1A2-9BA9-4EDF-986F-B7BACFCC8549}.Release|Any CPU.ActiveCfg = Release|Any CPU
		{8655B1A2-9BA9-4EDF-986F-B7BACFCC8549}.Release|Any CPU.Build.0 = Release|Any CPU
	EndGlobalSection
	GlobalSection(SolutionProperties) = preSolution
		HideSolutionNode = FALSE
	EndGlobalSection
	GlobalSection(ExtensibilityGlobals) = postSolution
		SolutionGuid = {DE9D789F-1500-4D8B-80B5-8F6D7681FB83}
	EndGlobalSection
EndGlobal
