
Microsoft Visual Studio Solution File, Format Version 12.00
# Visual Studio Version 16
VisualStudioVersion = 16.0.31624.102
MinimumVisualStudioVersion = 10.0.40219.1
Project("{FAE04EC0-301F-11D3-BF4B-00C04F79EFBC}") = "LB6_7", "LB6_7\LB6_7.csproj", "{F74B3895-302F-4356-8550-97D5EAF653ED}"
EndProject
Project("{FAE04EC0-301F-11D3-BF4B-00C04F79EFBC}") = "LB7_WCF", "LB7_WCF\LB7_WCF.csproj", "{38516B73-E588-4168-8E3A-DAD40A111896}"
EndProject
Project("{FAE04EC0-301F-11D3-BF4B-00C04F79EFBC}") = "ConsoleHost", "ConsoleHost\ConsoleHost.csproj", "{A6211AD3-949B-494E-AA2B-51CE3FE5F396}"
EndProject
Global
	GlobalSection(SolutionConfigurationPlatforms) = preSolution
		Debug|Any CPU = Debug|Any CPU
		Release|Any CPU = Release|Any CPU
	EndGlobalSection
	GlobalSection(ProjectConfigurationPlatforms) = postSolution
		{F74B3895-302F-4356-8550-97D5EAF653ED}.Debug|Any CPU.ActiveCfg = Debug|Any CPU
		{F74B3895-302F-4356-8550-97D5EAF653ED}.Debug|Any CPU.Build.0 = Debug|Any CPU
		{F74B3895-302F-4356-8550-97D5EAF653ED}.Release|Any CPU.ActiveCfg = Release|Any CPU
		{F74B3895-302F-4356-8550-97D5EAF653ED}.Release|Any CPU.Build.0 = Release|Any CPU
		{38516B73-E588-4168-8E3A-DAD40A111896}.Debug|Any CPU.ActiveCfg = Debug|Any CPU
		{38516B73-E588-4168-8E3A-DAD40A111896}.Debug|Any CPU.Build.0 = Debug|Any CPU
		{38516B73-E588-4168-8E3A-DAD40A111896}.Release|Any CPU.ActiveCfg = Release|Any CPU
		{38516B73-E588-4168-8E3A-DAD40A111896}.Release|Any CPU.Build.0 = Release|Any CPU
		{A6211AD3-949B-494E-AA2B-51CE3FE5F396}.Debug|Any CPU.ActiveCfg = Debug|Any CPU
		{A6211AD3-949B-494E-AA2B-51CE3FE5F396}.Debug|Any CPU.Build.0 = Debug|Any CPU
		{A6211AD3-949B-494E-AA2B-51CE3FE5F396}.Release|Any CPU.ActiveCfg = Release|Any CPU
		{A6211AD3-949B-494E-AA2B-51CE3FE5F396}.Release|Any CPU.Build.0 = Release|Any CPU
	EndGlobalSection
	GlobalSection(SolutionProperties) = preSolution
		HideSolutionNode = FALSE
	EndGlobalSection
	GlobalSection(ExtensibilityGlobals) = postSolution
		SolutionGuid = {6317D7C8-8EB7-48E4-8D7C-3C5CC5AE3D93}
	EndGlobalSection
EndGlobal
